// !$*UTF8*$!
{
	archiveVersion = 1;
	classes = {
	};
	objectVersion = 46;
	objects = {

/* Begin PBXBuildFile section */
		0CAC8197FCADD17DC292022F /* libPods.a in Frameworks */ = {isa = PBXBuildFile; fileRef = A31544459E35E22BBD73D725 /* libPods.a */; };
		4E670B2B1C1519EF009E7B52 /* Assets.xcassets in Resources */ = {isa = PBXBuildFile; fileRef = 4E670B2A1C1519EF009E7B52 /* Assets.xcassets */; };
		4E670B8B1C151C34009E7B52 /* HomeViewController.m in Sources */ = {isa = PBXBuildFile; fileRef = 4E670B3D1C151C34009E7B52 /* HomeViewController.m */; };
		4E670B931C151C34009E7B52 /* Home.storyboard in Resources */ = {isa = PBXBuildFile; fileRef = 4E670B4F1C151C34009E7B52 /* Home.storyboard */; };
		4E670B941C151C34009E7B52 /* ASValuePopUpView.m in Sources */ = {isa = PBXBuildFile; fileRef = 4E670B531C151C34009E7B52 /* ASValuePopUpView.m */; };
		4E670B951C151C34009E7B52 /* ASValueTrackingSlider.m in Sources */ = {isa = PBXBuildFile; fileRef = 4E670B551C151C34009E7B52 /* ASValueTrackingSlider.m */; };
		4E670B981C151C34009E7B52 /* HomeCollectionView.m in Sources */ = {isa = PBXBuildFile; fileRef = 4E670B5A1C151C34009E7B52 /* HomeCollectionView.m */; };
		4E670B991C151C34009E7B52 /* HomeCollectionViewCell.m in Sources */ = {isa = PBXBuildFile; fileRef = 4E670B5C1C151C34009E7B52 /* HomeCollectionViewCell.m */; };
		4E670B9A1C151C34009E7B52 /* HomeCollectionViewCell.xib in Resources */ = {isa = PBXBuildFile; fileRef = 4E670B5D1C151C34009E7B52 /* HomeCollectionViewCell.xib */; };
		4E670B9B1C151C34009E7B52 /* HomeTopStateView.m in Sources */ = {isa = PBXBuildFile; fileRef = 4E670B5F1C151C34009E7B52 /* HomeTopStateView.m */; };
		4E670B9E1C151C34009E7B52 /* selectDataPickView.m in Sources */ = {isa = PBXBuildFile; fileRef = 4E670B661C151C34009E7B52 /* selectDataPickView.m */; };
		4E670B9F1C151C34009E7B52 /* selectDataPickView.xib in Resources */ = {isa = PBXBuildFile; fileRef = 4E670B671C151C34009E7B52 /* selectDataPickView.xib */; };
		4E670BA01C151C34009E7B52 /* SelectWeekView.m in Sources */ = {isa = PBXBuildFile; fileRef = 4E670B691C151C34009E7B52 /* SelectWeekView.m */; };
		4E670BA11C151C34009E7B52 /* SelectWeekView.xib in Resources */ = {isa = PBXBuildFile; fileRef = 4E670B6A1C151C34009E7B52 /* SelectWeekView.xib */; };
		4E670BA21C151C34009E7B52 /* HelpViewController.m in Sources */ = {isa = PBXBuildFile; fileRef = 4E670B6E1C151C34009E7B52 /* HelpViewController.m */; };
		4E670BA31C151C34009E7B52 /* NotifyViewController.m in Sources */ = {isa = PBXBuildFile; fileRef = 4E670B701C151C34009E7B52 /* NotifyViewController.m */; };
		4E670BA41C151C34009E7B52 /* SettingViewController.m in Sources */ = {isa = PBXBuildFile; fileRef = 4E670B721C151C34009E7B52 /* SettingViewController.m */; };
		4E670BA51C151C34009E7B52 /* UserMenuViewController.m in Sources */ = {isa = PBXBuildFile; fileRef = 4E670B741C151C34009E7B52 /* UserMenuViewController.m */; };
		4E670BA71C151C34009E7B52 /* LaunchScreen.xib in Resources */ = {isa = PBXBuildFile; fileRef = 4E670B781C151C34009E7B52 /* LaunchScreen.xib */; };
		4E670BA81C151C34009E7B52 /* Main.storyboard in Resources */ = {isa = PBXBuildFile; fileRef = 4E670B791C151C34009E7B52 /* Main.storyboard */; };
		4E670BA91C151C34009E7B52 /* ViewController.m in Sources */ = {isa = PBXBuildFile; fileRef = 4E670B7B1C151C34009E7B52 /* ViewController.m */; };
		4E670BAB1C151C34009E7B52 /* AppDelegate.m in Sources */ = {isa = PBXBuildFile; fileRef = 4E670B811C151C34009E7B52 /* AppDelegate.m */; };
		4E670BAC1C151C34009E7B52 /* HFConst.m in Sources */ = {isa = PBXBuildFile; fileRef = 4E670B831C151C34009E7B52 /* HFConst.m */; };
		4E670BAE1C151C34009E7B52 /* Info.plist in Resources */ = {isa = PBXBuildFile; fileRef = 4E670B861C151C34009E7B52 /* Info.plist */; };
		4E670BAF1C151C34009E7B52 /* main.m in Sources */ = {isa = PBXBuildFile; fileRef = 4E670B871C151C34009E7B52 /* main.m */; };
		4E774D621C15934500906292 /* CustomTimeViewController.m in Sources */ = {isa = PBXBuildFile; fileRef = 4E774D611C15934500906292 /* CustomTimeViewController.m */; };
		4E774D651C1596B400906292 /* CustomModel.m in Sources */ = {isa = PBXBuildFile; fileRef = 4E774D641C1596B400906292 /* CustomModel.m */; };
		4E774D681C16856F00906292 /* DeviceDataModel.m in Sources */ = {isa = PBXBuildFile; fileRef = 4E774D671C16856F00906292 /* DeviceDataModel.m */; };
		4EB11C1B1C1842760004FFD4 /* SendCommandModel.m in Sources */ = {isa = PBXBuildFile; fileRef = 4EB11C1A1C1842760004FFD4 /* SendCommandModel.m */; };
		8B0327C61C4B9277002620D5 /* Util.m in Sources */ = {isa = PBXBuildFile; fileRef = 8B0327C51C4B9277002620D5 /* Util.m */; };
		8B0327E51C4B94E4002620D5 /* QQConnection.framework in Frameworks */ = {isa = PBXBuildFile; fileRef = 8B0327C91C4B94E4002620D5 /* QQConnection.framework */; };
		8B0327E61C4B94E4002620D5 /* QZoneConnection.framework in Frameworks */ = {isa = PBXBuildFile; fileRef = 8B0327CA1C4B94E4002620D5 /* QZoneConnection.framework */; };
		8B0327E71C4B94E4002620D5 /* WeChatConnection.framework in Frameworks */ = {isa = PBXBuildFile; fileRef = 8B0327CB1C4B94E4002620D5 /* WeChatConnection.framework */; };
		8B0327E81C4B94E4002620D5 /* AGCommon.framework in Frameworks */ = {isa = PBXBuildFile; fileRef = 8B0327CD1C4B94E4002620D5 /* AGCommon.framework */; };
		8B0327E91C4B94E4002620D5 /* ShareSDKLocalizable.strings in Resources */ = {isa = PBXBuildFile; fileRef = 8B0327CE1C4B94E4002620D5 /* ShareSDKLocalizable.strings */; };
		8B0327EA1C4B94E4002620D5 /* MOBFoundation.framework in Frameworks */ = {isa = PBXBuildFile; fileRef = 8B0327D11C4B94E4002620D5 /* MOBFoundation.framework */; };
		8B0327EB1C4B94E4002620D5 /* Resource.bundle in Resources */ = {isa = PBXBuildFile; fileRef = 8B0327D21C4B94E4002620D5 /* Resource.bundle */; };
		8B0327EC1C4B94E4002620D5 /* ShareSDKCoreService.framework in Frameworks */ = {isa = PBXBuildFile; fileRef = 8B0327D31C4B94E4002620D5 /* ShareSDKCoreService.framework */; };
		8B0327ED1C4B94E4002620D5 /* TencentOpenAPI.framework in Frameworks */ = {isa = PBXBuildFile; fileRef = 8B0327D81C4B94E4002620D5 /* TencentOpenAPI.framework */; };
		8B0327EE1C4B94E4002620D5 /* TencentOpenApi_IOS_Bundle.bundle in Resources */ = {isa = PBXBuildFile; fileRef = 8B0327D91C4B94E4002620D5 /* TencentOpenApi_IOS_Bundle.bundle */; };
		8B0327EF1C4B94E4002620D5 /* libWeChatSDK.a in Frameworks */ = {isa = PBXBuildFile; fileRef = 8B0327DC1C4B94E4002620D5 /* libWeChatSDK.a */; };
		8B0327F01C4B94E4002620D5 /* ShareSDK.framework in Frameworks */ = {isa = PBXBuildFile; fileRef = 8B0327E01C4B94E4002620D5 /* ShareSDK.framework */; };
		8B0327F11C4B94E4002620D5 /* ShareSDKFlatShareViewUI.bundle in Resources */ = {isa = PBXBuildFile; fileRef = 8B0327E21C4B94E4002620D5 /* ShareSDKFlatShareViewUI.bundle */; };
		8B0327F21C4B94E4002620D5 /* ShareSDKFlatShareViewUI.framework in Frameworks */ = {isa = PBXBuildFile; fileRef = 8B0327E31C4B94E4002620D5 /* ShareSDKFlatShareViewUI.framework */; };
		8B0327F31C4B94E4002620D5 /* ShareSDKShareActionSheet.framework in Frameworks */ = {isa = PBXBuildFile; fileRef = 8B0327E41C4B94E4002620D5 /* ShareSDKShareActionSheet.framework */; };
		8BE1F3521C487CFC00CC2BB6 /* UIView+Toast.m in Sources */ = {isa = PBXBuildFile; fileRef = 8BE1F3511C487CFC00CC2BB6 /* UIView+Toast.m */; };
		8BE1F3561C489E2300CC2BB6 /* CoverView.m in Sources */ = {isa = PBXBuildFile; fileRef = 8BE1F3551C489E2300CC2BB6 /* CoverView.m */; };
		8BE1F3591C48DF4F00CC2BB6 /* UIColor+Utility.m in Sources */ = {isa = PBXBuildFile; fileRef = 8BE1F3581C48DF4F00CC2BB6 /* UIColor+Utility.m */; };
/* End PBXBuildFile section */

/* Begin PBXFileReference section */
		465228A7E554F7ADD4C3D3B8 /* Pods.debug.xcconfig */ = {isa = PBXFileReference; includeInIndex = 1; lastKnownFileType = text.xcconfig; name = Pods.debug.xcconfig; path = "Pods/Target Support Files/Pods/Pods.debug.xcconfig"; sourceTree = "<group>"; };
		4E670B1B1C1519EF009E7B52 /* 智能热水器.app */ = {isa = PBXFileReference; explicitFileType = wrapper.application; includeInIndex = 0; path = "智能热水器.app"; sourceTree = BUILT_PRODUCTS_DIR; };
		4E670B2A1C1519EF009E7B52 /* Assets.xcassets */ = {isa = PBXFileReference; lastKnownFileType = folder.assetcatalog; path = Assets.xcassets; sourceTree = "<group>"; };
		4E670B3C1C151C34009E7B52 /* HomeViewController.h */ = {isa = PBXFileReference; fileEncoding = 4; lastKnownFileType = sourcecode.c.h; path = HomeViewController.h; sourceTree = "<group>"; };
		4E670B3D1C151C34009E7B52 /* HomeViewController.m */ = {isa = PBXFileReference; fileEncoding = 4; lastKnownFileType = sourcecode.c.objc; path = HomeViewController.m; sourceTree = "<group>"; };
		4E670B4F1C151C34009E7B52 /* Home.storyboard */ = {isa = PBXFileReference; fileEncoding = 4; lastKnownFileType = file.storyboard; path = Home.storyboard; sourceTree = "<group>"; };
		4E670B521C151C34009E7B52 /* ASValuePopUpView.h */ = {isa = PBXFileReference; fileEncoding = 4; lastKnownFileType = sourcecode.c.h; path = ASValuePopUpView.h; sourceTree = "<group>"; };
		4E670B531C151C34009E7B52 /* ASValuePopUpView.m */ = {isa = PBXFileReference; fileEncoding = 4; lastKnownFileType = sourcecode.c.objc; path = ASValuePopUpView.m; sourceTree = "<group>"; };
		4E670B541C151C34009E7B52 /* ASValueTrackingSlider.h */ = {isa = PBXFileReference; fileEncoding = 4; lastKnownFileType = sourcecode.c.h; path = ASValueTrackingSlider.h; sourceTree = "<group>"; };
		4E670B551C151C34009E7B52 /* ASValueTrackingSlider.m */ = {isa = PBXFileReference; fileEncoding = 4; lastKnownFileType = sourcecode.c.objc; path = ASValueTrackingSlider.m; sourceTree = "<group>"; };
		4E670B591C151C34009E7B52 /* HomeCollectionView.h */ = {isa = PBXFileReference; fileEncoding = 4; lastKnownFileType = sourcecode.c.h; path = HomeCollectionView.h; sourceTree = "<group>"; };
		4E670B5A1C151C34009E7B52 /* HomeCollectionView.m */ = {isa = PBXFileReference; fileEncoding = 4; lastKnownFileType = sourcecode.c.objc; path = HomeCollectionView.m; sourceTree = "<group>"; };
		4E670B5B1C151C34009E7B52 /* HomeCollectionViewCell.h */ = {isa = PBXFileReference; fileEncoding = 4; lastKnownFileType = sourcecode.c.h; path = HomeCollectionViewCell.h; sourceTree = "<group>"; };
		4E670B5C1C151C34009E7B52 /* HomeCollectionViewCell.m */ = {isa = PBXFileReference; fileEncoding = 4; lastKnownFileType = sourcecode.c.objc; path = HomeCollectionViewCell.m; sourceTree = "<group>"; };
		4E670B5D1C151C34009E7B52 /* HomeCollectionViewCell.xib */ = {isa = PBXFileReference; fileEncoding = 4; lastKnownFileType = file.xib; path = HomeCollectionViewCell.xib; sourceTree = "<group>"; };
		4E670B5E1C151C34009E7B52 /* HomeTopStateView.h */ = {isa = PBXFileReference; fileEncoding = 4; lastKnownFileType = sourcecode.c.h; path = HomeTopStateView.h; sourceTree = "<group>"; };
		4E670B5F1C151C34009E7B52 /* HomeTopStateView.m */ = {isa = PBXFileReference; fileEncoding = 4; lastKnownFileType = sourcecode.c.objc; path = HomeTopStateView.m; sourceTree = "<group>"; };
		4E670B651C151C34009E7B52 /* selectDataPickView.h */ = {isa = PBXFileReference; fileEncoding = 4; lastKnownFileType = sourcecode.c.h; path = selectDataPickView.h; sourceTree = "<group>"; };
		4E670B661C151C34009E7B52 /* selectDataPickView.m */ = {isa = PBXFileReference; fileEncoding = 4; lastKnownFileType = sourcecode.c.objc; path = selectDataPickView.m; sourceTree = "<group>"; };
		4E670B671C151C34009E7B52 /* selectDataPickView.xib */ = {isa = PBXFileReference; fileEncoding = 4; lastKnownFileType = file.xib; path = selectDataPickView.xib; sourceTree = "<group>"; };
		4E670B681C151C34009E7B52 /* SelectWeekView.h */ = {isa = PBXFileReference; fileEncoding = 4; lastKnownFileType = sourcecode.c.h; path = SelectWeekView.h; sourceTree = "<group>"; };
		4E670B691C151C34009E7B52 /* SelectWeekView.m */ = {isa = PBXFileReference; fileEncoding = 4; lastKnownFileType = sourcecode.c.objc; path = SelectWeekView.m; sourceTree = "<group>"; };
		4E670B6A1C151C34009E7B52 /* SelectWeekView.xib */ = {isa = PBXFileReference; fileEncoding = 4; lastKnownFileType = file.xib; path = SelectWeekView.xib; sourceTree = "<group>"; };
		4E670B6D1C151C34009E7B52 /* HelpViewController.h */ = {isa = PBXFileReference; fileEncoding = 4; lastKnownFileType = sourcecode.c.h; path = HelpViewController.h; sourceTree = "<group>"; };
		4E670B6E1C151C34009E7B52 /* HelpViewController.m */ = {isa = PBXFileReference; fileEncoding = 4; lastKnownFileType = sourcecode.c.objc; path = HelpViewController.m; sourceTree = "<group>"; };
		4E670B6F1C151C34009E7B52 /* NotifyViewController.h */ = {isa = PBXFileReference; fileEncoding = 4; lastKnownFileType = sourcecode.c.h; path = NotifyViewController.h; sourceTree = "<group>"; };
		4E670B701C151C34009E7B52 /* NotifyViewController.m */ = {isa = PBXFileReference; fileEncoding = 4; lastKnownFileType = sourcecode.c.objc; path = NotifyViewController.m; sourceTree = "<group>"; };
		4E670B711C151C34009E7B52 /* SettingViewController.h */ = {isa = PBXFileReference; fileEncoding = 4; lastKnownFileType = sourcecode.c.h; path = SettingViewController.h; sourceTree = "<group>"; };
		4E670B721C151C34009E7B52 /* SettingViewController.m */ = {isa = PBXFileReference; fileEncoding = 4; lastKnownFileType = sourcecode.c.objc; path = SettingViewController.m; sourceTree = "<group>"; };
		4E670B731C151C34009E7B52 /* UserMenuViewController.h */ = {isa = PBXFileReference; fileEncoding = 4; lastKnownFileType = sourcecode.c.h; path = UserMenuViewController.h; sourceTree = "<group>"; };
		4E670B741C151C34009E7B52 /* UserMenuViewController.m */ = {isa = PBXFileReference; fileEncoding = 4; lastKnownFileType = sourcecode.c.objc; path = UserMenuViewController.m; sourceTree = "<group>"; };
		4E670B781C151C34009E7B52 /* LaunchScreen.xib */ = {isa = PBXFileReference; fileEncoding = 4; lastKnownFileType = file.xib; path = LaunchScreen.xib; sourceTree = "<group>"; };
		4E670B791C151C34009E7B52 /* Main.storyboard */ = {isa = PBXFileReference; fileEncoding = 4; lastKnownFileType = file.storyboard; path = Main.storyboard; sourceTree = "<group>"; };
		4E670B7A1C151C34009E7B52 /* ViewController.h */ = {isa = PBXFileReference; fileEncoding = 4; lastKnownFileType = sourcecode.c.h; path = ViewController.h; sourceTree = "<group>"; };
		4E670B7B1C151C34009E7B52 /* ViewController.m */ = {isa = PBXFileReference; fileEncoding = 4; lastKnownFileType = sourcecode.c.objc; path = ViewController.m; sourceTree = "<group>"; };
		4E670B801C151C34009E7B52 /* AppDelegate.h */ = {isa = PBXFileReference; fileEncoding = 4; lastKnownFileType = sourcecode.c.h; path = AppDelegate.h; sourceTree = "<group>"; };
		4E670B811C151C34009E7B52 /* AppDelegate.m */ = {isa = PBXFileReference; fileEncoding = 4; lastKnownFileType = sourcecode.c.objc; path = AppDelegate.m; sourceTree = "<group>"; };
		4E670B821C151C34009E7B52 /* HFConst.h */ = {isa = PBXFileReference; fileEncoding = 4; lastKnownFileType = sourcecode.c.h; path = HFConst.h; sourceTree = "<group>"; };
		4E670B831C151C34009E7B52 /* HFConst.m */ = {isa = PBXFileReference; fileEncoding = 4; lastKnownFileType = sourcecode.c.objc; path = HFConst.m; sourceTree = "<group>"; };
		4E670B861C151C34009E7B52 /* Info.plist */ = {isa = PBXFileReference; fileEncoding = 4; lastKnownFileType = text.plist.xml; path = Info.plist; sourceTree = "<group>"; };
		4E670B871C151C34009E7B52 /* main.m */ = {isa = PBXFileReference; fileEncoding = 4; lastKnownFileType = sourcecode.c.objc; path = main.m; sourceTree = "<group>"; };
		4E670B881C151C34009E7B52 /* PCH.pch */ = {isa = PBXFileReference; fileEncoding = 4; lastKnownFileType = sourcecode.c.h; path = PCH.pch; sourceTree = "<group>"; };
		4E774D601C15934500906292 /* CustomTimeViewController.h */ = {isa = PBXFileReference; fileEncoding = 4; lastKnownFileType = sourcecode.c.h; path = CustomTimeViewController.h; sourceTree = "<group>"; };
		4E774D611C15934500906292 /* CustomTimeViewController.m */ = {isa = PBXFileReference; fileEncoding = 4; lastKnownFileType = sourcecode.c.objc; path = CustomTimeViewController.m; sourceTree = "<group>"; };
		4E774D631C1596B400906292 /* CustomModel.h */ = {isa = PBXFileReference; fileEncoding = 4; lastKnownFileType = sourcecode.c.h; path = CustomModel.h; sourceTree = "<group>"; };
		4E774D641C1596B400906292 /* CustomModel.m */ = {isa = PBXFileReference; fileEncoding = 4; lastKnownFileType = sourcecode.c.objc; path = CustomModel.m; sourceTree = "<group>"; };
		4E774D661C16856F00906292 /* DeviceDataModel.h */ = {isa = PBXFileReference; fileEncoding = 4; lastKnownFileType = sourcecode.c.h; path = DeviceDataModel.h; sourceTree = "<group>"; };
		4E774D671C16856F00906292 /* DeviceDataModel.m */ = {isa = PBXFileReference; fileEncoding = 4; lastKnownFileType = sourcecode.c.objc; path = DeviceDataModel.m; sourceTree = "<group>"; };
		4EB11C191C1842760004FFD4 /* SendCommandModel.h */ = {isa = PBXFileReference; fileEncoding = 4; lastKnownFileType = sourcecode.c.h; path = SendCommandModel.h; sourceTree = "<group>"; };
		4EB11C1A1C1842760004FFD4 /* SendCommandModel.m */ = {isa = PBXFileReference; fileEncoding = 4; lastKnownFileType = sourcecode.c.objc; path = SendCommandModel.m; sourceTree = "<group>"; };
		860118F5987DF732F218A50D /* Pods.release.xcconfig */ = {isa = PBXFileReference; includeInIndex = 1; lastKnownFileType = text.xcconfig; name = Pods.release.xcconfig; path = "Pods/Target Support Files/Pods/Pods.release.xcconfig"; sourceTree = "<group>"; };
		8B0327C41C4B9277002620D5 /* Util.h */ = {isa = PBXFileReference; fileEncoding = 4; lastKnownFileType = sourcecode.c.h; path = Util.h; sourceTree = "<group>"; };
		8B0327C51C4B9277002620D5 /* Util.m */ = {isa = PBXFileReference; fileEncoding = 4; lastKnownFileType = sourcecode.c.objc; path = Util.m; sourceTree = "<group>"; };
		8B0327C91C4B94E4002620D5 /* QQConnection.framework */ = {isa = PBXFileReference; lastKnownFileType = wrapper.framework; path = QQConnection.framework; sourceTree = "<group>"; };
		8B0327CA1C4B94E4002620D5 /* QZoneConnection.framework */ = {isa = PBXFileReference; lastKnownFileType = wrapper.framework; path = QZoneConnection.framework; sourceTree = "<group>"; };
		8B0327CB1C4B94E4002620D5 /* WeChatConnection.framework */ = {isa = PBXFileReference; lastKnownFileType = wrapper.framework; path = WeChatConnection.framework; sourceTree = "<group>"; };
		8B0327CD1C4B94E4002620D5 /* AGCommon.framework */ = {isa = PBXFileReference; lastKnownFileType = wrapper.framework; path = AGCommon.framework; sourceTree = "<group>"; };
		8B0327CF1C4B94E4002620D5 /* en-US */ = {isa = PBXFileReference; lastKnownFileType = text.plist.strings; name = "en-US"; path = "en-US.lproj/ShareSDKLocalizable.strings"; sourceTree = "<group>"; };
		8B0327D01C4B94E4002620D5 /* en */ = {isa = PBXFileReference; lastKnownFileType = text.plist.strings; name = en; path = en.lproj/ShareSDKLocalizable.strings; sourceTree = "<group>"; };
		8B0327D11C4B94E4002620D5 /* MOBFoundation.framework */ = {isa = PBXFileReference; lastKnownFileType = wrapper.framework; path = MOBFoundation.framework; sourceTree = "<group>"; };
		8B0327D21C4B94E4002620D5 /* Resource.bundle */ = {isa = PBXFileReference; lastKnownFileType = "wrapper.plug-in"; path = Resource.bundle; sourceTree = "<group>"; };
		8B0327D31C4B94E4002620D5 /* ShareSDKCoreService.framework */ = {isa = PBXFileReference; lastKnownFileType = wrapper.framework; path = ShareSDKCoreService.framework; sourceTree = "<group>"; };
		8B0327D41C4B94E4002620D5 /* zh-Hans-CN */ = {isa = PBXFileReference; lastKnownFileType = text.plist.strings; name = "zh-Hans-CN"; path = "zh-Hans-CN.lproj/ShareSDKLocalizable.strings"; sourceTree = "<group>"; };
		8B0327D51C4B94E4002620D5 /* zh-Hans */ = {isa = PBXFileReference; lastKnownFileType = text.plist.strings; name = "zh-Hans"; path = "zh-Hans.lproj/ShareSDKLocalizable.strings"; sourceTree = "<group>"; };
		8B0327D81C4B94E4002620D5 /* TencentOpenAPI.framework */ = {isa = PBXFileReference; lastKnownFileType = wrapper.framework; path = TencentOpenAPI.framework; sourceTree = "<group>"; };
		8B0327D91C4B94E4002620D5 /* TencentOpenApi_IOS_Bundle.bundle */ = {isa = PBXFileReference; lastKnownFileType = "wrapper.plug-in"; path = TencentOpenApi_IOS_Bundle.bundle; sourceTree = "<group>"; };
		8B0327DC1C4B94E4002620D5 /* libWeChatSDK.a */ = {isa = PBXFileReference; lastKnownFileType = archive.ar; path = libWeChatSDK.a; sourceTree = "<group>"; };
		8B0327DD1C4B94E4002620D5 /* WXApi.h */ = {isa = PBXFileReference; fileEncoding = 4; lastKnownFileType = sourcecode.c.h; path = WXApi.h; sourceTree = "<group>"; };
		8B0327DE1C4B94E4002620D5 /* WXApiObject.h */ = {isa = PBXFileReference; fileEncoding = 4; lastKnownFileType = sourcecode.c.h; path = WXApiObject.h; sourceTree = "<group>"; };
		8B0327E01C4B94E4002620D5 /* ShareSDK.framework */ = {isa = PBXFileReference; lastKnownFileType = wrapper.framework; path = ShareSDK.framework; sourceTree = "<group>"; };
		8B0327E21C4B94E4002620D5 /* ShareSDKFlatShareViewUI.bundle */ = {isa = PBXFileReference; lastKnownFileType = "wrapper.plug-in"; path = ShareSDKFlatShareViewUI.bundle; sourceTree = "<group>"; };
		8B0327E31C4B94E4002620D5 /* ShareSDKFlatShareViewUI.framework */ = {isa = PBXFileReference; lastKnownFileType = wrapper.framework; path = ShareSDKFlatShareViewUI.framework; sourceTree = "<group>"; };
		8B0327E41C4B94E4002620D5 /* ShareSDKShareActionSheet.framework */ = {isa = PBXFileReference; lastKnownFileType = wrapper.framework; path = ShareSDKShareActionSheet.framework; sourceTree = "<group>"; };
		8B0327F41C4BA007002620D5 /* ShareConfig.h */ = {isa = PBXFileReference; fileEncoding = 4; lastKnownFileType = sourcecode.c.h; path = ShareConfig.h; sourceTree = "<group>"; };
		8BE1F3501C487CFC00CC2BB6 /* UIView+Toast.h */ = {isa = PBXFileReference; fileEncoding = 4; lastKnownFileType = sourcecode.c.h; path = "UIView+Toast.h"; sourceTree = "<group>"; };
		8BE1F3511C487CFC00CC2BB6 /* UIView+Toast.m */ = {isa = PBXFileReference; fileEncoding = 4; lastKnownFileType = sourcecode.c.objc; path = "UIView+Toast.m"; sourceTree = "<group>"; };
		8BE1F3541C489E2300CC2BB6 /* CoverView.h */ = {isa = PBXFileReference; fileEncoding = 4; lastKnownFileType = sourcecode.c.h; path = CoverView.h; sourceTree = "<group>"; };
		8BE1F3551C489E2300CC2BB6 /* CoverView.m */ = {isa = PBXFileReference; fileEncoding = 4; lastKnownFileType = sourcecode.c.objc; path = CoverView.m; sourceTree = "<group>"; };
		8BE1F3571C48DF4F00CC2BB6 /* UIColor+Utility.h */ = {isa = PBXFileReference; fileEncoding = 4; lastKnownFileType = sourcecode.c.h; path = "UIColor+Utility.h"; sourceTree = "<group>"; };
		8BE1F3581C48DF4F00CC2BB6 /* UIColor+Utility.m */ = {isa = PBXFileReference; fileEncoding = 4; lastKnownFileType = sourcecode.c.objc; path = "UIColor+Utility.m"; sourceTree = "<group>"; };
		A31544459E35E22BBD73D725 /* libPods.a */ = {isa = PBXFileReference; explicitFileType = archive.ar; includeInIndex = 0; path = libPods.a; sourceTree = BUILT_PRODUCTS_DIR; };
/* End PBXFileReference section */

/* Begin PBXFrameworksBuildPhase section */
		4E670B181C1519EF009E7B52 /* Frameworks */ = {
			isa = PBXFrameworksBuildPhase;
			buildActionMask = 2147483647;
			files = (
				8B0327EA1C4B94E4002620D5 /* MOBFoundation.framework in Frameworks */,
				8B0327F21C4B94E4002620D5 /* ShareSDKFlatShareViewUI.framework in Frameworks */,
				8B0327ED1C4B94E4002620D5 /* TencentOpenAPI.framework in Frameworks */,
				8B0327EF1C4B94E4002620D5 /* libWeChatSDK.a in Frameworks */,
				8B0327EC1C4B94E4002620D5 /* ShareSDKCoreService.framework in Frameworks */,
				8B0327E51C4B94E4002620D5 /* QQConnection.framework in Frameworks */,
				8B0327E81C4B94E4002620D5 /* AGCommon.framework in Frameworks */,
				0CAC8197FCADD17DC292022F /* libPods.a in Frameworks */,
				8B0327E71C4B94E4002620D5 /* WeChatConnection.framework in Frameworks */,
				8B0327F31C4B94E4002620D5 /* ShareSDKShareActionSheet.framework in Frameworks */,
				8B0327E61C4B94E4002620D5 /* QZoneConnection.framework in Frameworks */,
				8B0327F01C4B94E4002620D5 /* ShareSDK.framework in Frameworks */,
			);
			runOnlyForDeploymentPostprocessing = 0;
		};
/* End PBXFrameworksBuildPhase section */

/* Begin PBXGroup section */
		21250C22F395BBAF1578BA4D /* Frameworks */ = {
			isa = PBXGroup;
			children = (
				A31544459E35E22BBD73D725 /* libPods.a */,
			);
			name = Frameworks;
			sourceTree = "<group>";
		};
		3E98F0478DB2008B062A4241 /* Pods */ = {
			isa = PBXGroup;
			children = (
				465228A7E554F7ADD4C3D3B8 /* Pods.debug.xcconfig */,
				860118F5987DF732F218A50D /* Pods.release.xcconfig */,
			);
			name = Pods;
			sourceTree = "<group>";
		};
		4E670B121C1519EF009E7B52 = {
			isa = PBXGroup;
			children = (
				4E670B1D1C1519EF009E7B52 /* AOSMITH */,
				4E670B1C1C1519EF009E7B52 /* Products */,
				3E98F0478DB2008B062A4241 /* Pods */,
				21250C22F395BBAF1578BA4D /* Frameworks */,
			);
			sourceTree = "<group>";
		};
		4E670B1C1C1519EF009E7B52 /* Products */ = {
			isa = PBXGroup;
			children = (
				4E670B1B1C1519EF009E7B52 /* 智能热水器.app */,
			);
			name = Products;
			sourceTree = "<group>";
		};
		4E670B1D1C1519EF009E7B52 /* AOSMITH */ = {
			isa = PBXGroup;
			children = (
				4E670B351C151C34009E7B52 /* Classes */,
				4E670B2A1C1519EF009E7B52 /* Assets.xcassets */,
			);
			path = AOSMITH;
			sourceTree = "<group>";
		};
		4E670B351C151C34009E7B52 /* Classes */ = {
			isa = PBXGroup;
			children = (
				4E670B361C151C34009E7B52 /* Home */,
				4E670B6B1C151C34009E7B52 /* Main */,
			);
			path = Classes;
			sourceTree = "<group>";
		};
		4E670B361C151C34009E7B52 /* Home */ = {
			isa = PBXGroup;
			children = (
				8B0327C41C4B9277002620D5 /* Util.h */,
				8B0327C51C4B9277002620D5 /* Util.m */,
				4E670B371C151C34009E7B52 /* Controller */,
				4E670B421C151C34009E7B52 /* Model */,
				4E670B4E1C151C34009E7B52 /* Storyboard */,
				4E670B501C151C34009E7B52 /* View */,
			);
			path = Home;
			sourceTree = "<group>";
		};
		4E670B371C151C34009E7B52 /* Controller */ = {
			isa = PBXGroup;
			children = (
				4E774D601C15934500906292 /* CustomTimeViewController.h */,
				4E774D611C15934500906292 /* CustomTimeViewController.m */,
				4E670B3C1C151C34009E7B52 /* HomeViewController.h */,
				4E670B3D1C151C34009E7B52 /* HomeViewController.m */,
			);
			path = Controller;
			sourceTree = "<group>";
		};
		4E670B421C151C34009E7B52 /* Model */ = {
			isa = PBXGroup;
			children = (
				4E774D631C1596B400906292 /* CustomModel.h */,
				4E774D641C1596B400906292 /* CustomModel.m */,
				4E774D661C16856F00906292 /* DeviceDataModel.h */,
				4E774D671C16856F00906292 /* DeviceDataModel.m */,
				4EB11C191C1842760004FFD4 /* SendCommandModel.h */,
				4EB11C1A1C1842760004FFD4 /* SendCommandModel.m */,
			);
			path = Model;
			sourceTree = "<group>";
		};
		4E670B4E1C151C34009E7B52 /* Storyboard */ = {
			isa = PBXGroup;
			children = (
				4E670B4F1C151C34009E7B52 /* Home.storyboard */,
			);
			path = Storyboard;
			sourceTree = "<group>";
		};
		4E670B501C151C34009E7B52 /* View */ = {
			isa = PBXGroup;
			children = (
				8BE1F3531C489DCD00CC2BB6 /* CoverView */,
				8BE1F34F1C487CF200CC2BB6 /* ToastView */,
				4E670B511C151C34009E7B52 /* ASValueTrackingSlider */,
				4E670B591C151C34009E7B52 /* HomeCollectionView.h */,
				4E670B5A1C151C34009E7B52 /* HomeCollectionView.m */,
				4E670B5B1C151C34009E7B52 /* HomeCollectionViewCell.h */,
				4E670B5C1C151C34009E7B52 /* HomeCollectionViewCell.m */,
				4E670B5D1C151C34009E7B52 /* HomeCollectionViewCell.xib */,
				4E670B5E1C151C34009E7B52 /* HomeTopStateView.h */,
				4E670B5F1C151C34009E7B52 /* HomeTopStateView.m */,
				4E670B651C151C34009E7B52 /* selectDataPickView.h */,
				4E670B661C151C34009E7B52 /* selectDataPickView.m */,
				4E670B671C151C34009E7B52 /* selectDataPickView.xib */,
				4E670B681C151C34009E7B52 /* SelectWeekView.h */,
				4E670B691C151C34009E7B52 /* SelectWeekView.m */,
				4E670B6A1C151C34009E7B52 /* SelectWeekView.xib */,
			);
			path = View;
			sourceTree = "<group>";
		};
		4E670B511C151C34009E7B52 /* ASValueTrackingSlider */ = {
			isa = PBXGroup;
			children = (
				4E670B521C151C34009E7B52 /* ASValuePopUpView.h */,
				4E670B531C151C34009E7B52 /* ASValuePopUpView.m */,
				4E670B541C151C34009E7B52 /* ASValueTrackingSlider.h */,
				4E670B551C151C34009E7B52 /* ASValueTrackingSlider.m */,
			);
			path = ASValueTrackingSlider;
			sourceTree = "<group>";
		};
		4E670B6B1C151C34009E7B52 /* Main */ = {
			isa = PBXGroup;
			children = (
				4E670B6C1C151C34009E7B52 /* Controllers */,
				4E670B771C151C34009E7B52 /* LaunchScreen */,
				4E670B7C1C151C34009E7B52 /* Lib */,
				4E670B7F1C151C34009E7B52 /* Other */,
			);
			path = Main;
			sourceTree = "<group>";
		};
		4E670B6C1C151C34009E7B52 /* Controllers */ = {
			isa = PBXGroup;
			children = (
				4E670B6D1C151C34009E7B52 /* HelpViewController.h */,
				4E670B6E1C151C34009E7B52 /* HelpViewController.m */,
				4E670B6F1C151C34009E7B52 /* NotifyViewController.h */,
				4E670B701C151C34009E7B52 /* NotifyViewController.m */,
				4E670B711C151C34009E7B52 /* SettingViewController.h */,
				4E670B721C151C34009E7B52 /* SettingViewController.m */,
				4E670B731C151C34009E7B52 /* UserMenuViewController.h */,
				4E670B741C151C34009E7B52 /* UserMenuViewController.m */,
			);
			path = Controllers;
			sourceTree = "<group>";
		};
		4E670B771C151C34009E7B52 /* LaunchScreen */ = {
			isa = PBXGroup;
			children = (
				4E670B781C151C34009E7B52 /* LaunchScreen.xib */,
				4E670B791C151C34009E7B52 /* Main.storyboard */,
				4E670B7A1C151C34009E7B52 /* ViewController.h */,
				4E670B7B1C151C34009E7B52 /* ViewController.m */,
			);
			path = LaunchScreen;
			sourceTree = "<group>";
		};
		4E670B7C1C151C34009E7B52 /* Lib */ = {
			isa = PBXGroup;
			children = (
			);
			path = Lib;
			sourceTree = "<group>";
		};
		4E670B7F1C151C34009E7B52 /* Other */ = {
			isa = PBXGroup;
			children = (
				8B0327F41C4BA007002620D5 /* ShareConfig.h */,
				8B0327C71C4B94E4002620D5 /* ShareSDK */,
				8BE1F3571C48DF4F00CC2BB6 /* UIColor+Utility.h */,
				8BE1F3581C48DF4F00CC2BB6 /* UIColor+Utility.m */,
				4E670B801C151C34009E7B52 /* AppDelegate.h */,
				4E670B811C151C34009E7B52 /* AppDelegate.m */,
				4E670B821C151C34009E7B52 /* HFConst.h */,
				4E670B831C151C34009E7B52 /* HFConst.m */,
				4E670B861C151C34009E7B52 /* Info.plist */,
				4E670B871C151C34009E7B52 /* main.m */,
				4E670B881C151C34009E7B52 /* PCH.pch */,
			);
			path = Other;
			sourceTree = "<group>";
		};
		8B0327C71C4B94E4002620D5 /* ShareSDK */ = {
			isa = PBXGroup;
			children = (
				8B0327C81C4B94E4002620D5 /* Connection */,
				8B0327CC1C4B94E4002620D5 /* Core */,
				8B0327D61C4B94E4002620D5 /* Extend */,
				8B0327E01C4B94E4002620D5 /* ShareSDK.framework */,
				8B0327E11C4B94E4002620D5 /* UI */,
			);
			path = ShareSDK;
			sourceTree = "<group>";
		};
		8B0327C81C4B94E4002620D5 /* Connection */ = {
			isa = PBXGroup;
			children = (
				8B0327C91C4B94E4002620D5 /* QQConnection.framework */,
				8B0327CA1C4B94E4002620D5 /* QZoneConnection.framework */,
				8B0327CB1C4B94E4002620D5 /* WeChatConnection.framework */,
			);
			path = Connection;
			sourceTree = "<group>";
		};
		8B0327CC1C4B94E4002620D5 /* Core */ = {
			isa = PBXGroup;
			children = (
				8B0327CD1C4B94E4002620D5 /* AGCommon.framework */,
				8B0327CE1C4B94E4002620D5 /* ShareSDKLocalizable.strings */,
				8B0327D11C4B94E4002620D5 /* MOBFoundation.framework */,
				8B0327D21C4B94E4002620D5 /* Resource.bundle */,
				8B0327D31C4B94E4002620D5 /* ShareSDKCoreService.framework */,
			);
			path = Core;
			sourceTree = "<group>";
		};
		8B0327D61C4B94E4002620D5 /* Extend */ = {
			isa = PBXGroup;
			children = (
				8B0327D71C4B94E4002620D5 /* QQConnectSDK */,
				8B0327DA1C4B94E4002620D5 /* SinaWeiboSDK */,
				8B0327DB1C4B94E4002620D5 /* WeChatSDK */,
			);
			path = Extend;
			sourceTree = "<group>";
		};
		8B0327D71C4B94E4002620D5 /* QQConnectSDK */ = {
			isa = PBXGroup;
			children = (
				8B0327D81C4B94E4002620D5 /* TencentOpenAPI.framework */,
				8B0327D91C4B94E4002620D5 /* TencentOpenApi_IOS_Bundle.bundle */,
			);
			path = QQConnectSDK;
			sourceTree = "<group>";
		};
		8B0327DA1C4B94E4002620D5 /* SinaWeiboSDK */ = {
			isa = PBXGroup;
			children = (
			);
			path = SinaWeiboSDK;
			sourceTree = "<group>";
		};
		8B0327DB1C4B94E4002620D5 /* WeChatSDK */ = {
			isa = PBXGroup;
			children = (
				8B0327DC1C4B94E4002620D5 /* libWeChatSDK.a */,
				8B0327DD1C4B94E4002620D5 /* WXApi.h */,
				8B0327DE1C4B94E4002620D5 /* WXApiObject.h */,
			);
			path = WeChatSDK;
			sourceTree = "<group>";
		};
		8B0327E11C4B94E4002620D5 /* UI */ = {
			isa = PBXGroup;
			children = (
				8B0327E21C4B94E4002620D5 /* ShareSDKFlatShareViewUI.bundle */,
				8B0327E31C4B94E4002620D5 /* ShareSDKFlatShareViewUI.framework */,
				8B0327E41C4B94E4002620D5 /* ShareSDKShareActionSheet.framework */,
			);
			path = UI;
			sourceTree = "<group>";
		};
		8BE1F34F1C487CF200CC2BB6 /* ToastView */ = {
			isa = PBXGroup;
			children = (
				8BE1F3501C487CFC00CC2BB6 /* UIView+Toast.h */,
				8BE1F3511C487CFC00CC2BB6 /* UIView+Toast.m */,
			);
			path = ToastView;
			sourceTree = "<group>";
		};
		8BE1F3531C489DCD00CC2BB6 /* CoverView */ = {
			isa = PBXGroup;
			children = (
				8BE1F3541C489E2300CC2BB6 /* CoverView.h */,
				8BE1F3551C489E2300CC2BB6 /* CoverView.m */,
			);
			name = CoverView;
			sourceTree = "<group>";
		};
/* End PBXGroup section */

/* Begin PBXNativeTarget section */
		4E670B1A1C1519EF009E7B52 /* AOSMITH */ = {
			isa = PBXNativeTarget;
			buildConfigurationList = 4E670B321C1519EF009E7B52 /* Build configuration list for PBXNativeTarget "AOSMITH" */;
			buildPhases = (
				EB8FA2D9077A5D22196BD8B9 /* Check Pods Manifest.lock */,
				4E670B171C1519EF009E7B52 /* Sources */,
				4E670B181C1519EF009E7B52 /* Frameworks */,
				4E670B191C1519EF009E7B52 /* Resources */,
				2617FA16FC0BCA8268F73D11 /* Embed Pods Frameworks */,
				45C988405ED9EE6C09CEBD60 /* Copy Pods Resources */,
			);
			buildRules = (
			);
			dependencies = (
			);
			name = AOSMITH;
			productName = AOSMITH;
			productReference = 4E670B1B1C1519EF009E7B52 /* 智能热水器.app */;
			productType = "com.apple.product-type.application";
		};
/* End PBXNativeTarget section */

/* Begin PBXProject section */
		4E670B131C1519EF009E7B52 /* Project object */ = {
			isa = PBXProject;
			attributes = {
				LastUpgradeCheck = 0710;
				ORGANIZATIONNAME = aosmith;
				TargetAttributes = {
					4E670B1A1C1519EF009E7B52 = {
						CreatedOnToolsVersion = 7.1;
						DevelopmentTeam = 9RHGQHNHRA;
					};
				};
			};
			buildConfigurationList = 4E670B161C1519EF009E7B52 /* Build configuration list for PBXProject "AOSMITH" */;
			compatibilityVersion = "Xcode 3.2";
			developmentRegion = English;
			hasScannedForEncodings = 0;
			knownRegions = (
				en,
				Base,
				"en-US",
				"zh-Hans-CN",
				"zh-Hans",
			);
			mainGroup = 4E670B121C1519EF009E7B52;
			productRefGroup = 4E670B1C1C1519EF009E7B52 /* Products */;
			projectDirPath = "";
			projectRoot = "";
			targets = (
				4E670B1A1C1519EF009E7B52 /* AOSMITH */,
			);
		};
/* End PBXProject section */

/* Begin PBXResourcesBuildPhase section */
		4E670B191C1519EF009E7B52 /* Resources */ = {
			isa = PBXResourcesBuildPhase;
			buildActionMask = 2147483647;
			files = (
				4E670B9F1C151C34009E7B52 /* selectDataPickView.xib in Resources */,
				4E670BAE1C151C34009E7B52 /* Info.plist in Resources */,
				4E670B2B1C1519EF009E7B52 /* Assets.xcassets in Resources */,
				4E670BA81C151C34009E7B52 /* Main.storyboard in Resources */,
				4E670BA71C151C34009E7B52 /* LaunchScreen.xib in Resources */,
				4E670B931C151C34009E7B52 /* Home.storyboard in Resources */,
				8B0327E91C4B94E4002620D5 /* ShareSDKLocalizable.strings in Resources */,
				8B0327EE1C4B94E4002620D5 /* TencentOpenApi_IOS_Bundle.bundle in Resources */,
				4E670BA11C151C34009E7B52 /* SelectWeekView.xib in Resources */,
				4E670B9A1C151C34009E7B52 /* HomeCollectionViewCell.xib in Resources */,
				8B0327F11C4B94E4002620D5 /* ShareSDKFlatShareViewUI.bundle in Resources */,
				8B0327EB1C4B94E4002620D5 /* Resource.bundle in Resources */,
			);
			runOnlyForDeploymentPostprocessing = 0;
		};
/* End PBXResourcesBuildPhase section */

/* Begin PBXShellScriptBuildPhase section */
		2617FA16FC0BCA8268F73D11 /* Embed Pods Frameworks */ = {
			isa = PBXShellScriptBuildPhase;
			buildActionMask = 2147483647;
			files = (
			);
			inputPaths = (
			);
			name = "Embed Pods Frameworks";
			outputPaths = (
			);
			runOnlyForDeploymentPostprocessing = 0;
			shellPath = /bin/sh;
			shellScript = "\"${SRCROOT}/Pods/Target Support Files/Pods/Pods-frameworks.sh\"\n";
			showEnvVarsInLog = 0;
		};
		45C988405ED9EE6C09CEBD60 /* Copy Pods Resources */ = {
			isa = PBXShellScriptBuildPhase;
			buildActionMask = 2147483647;
			files = (
			);
			inputPaths = (
			);
			name = "Copy Pods Resources";
			outputPaths = (
			);
			runOnlyForDeploymentPostprocessing = 0;
			shellPath = /bin/sh;
			shellScript = "\"${SRCROOT}/Pods/Target Support Files/Pods/Pods-resources.sh\"\n";
			showEnvVarsInLog = 0;
		};
		EB8FA2D9077A5D22196BD8B9 /* Check Pods Manifest.lock */ = {
			isa = PBXShellScriptBuildPhase;
			buildActionMask = 2147483647;
			files = (
			);
			inputPaths = (
			);
			name = "Check Pods Manifest.lock";
			outputPaths = (
			);
			runOnlyForDeploymentPostprocessing = 0;
			shellPath = /bin/sh;
			shellScript = "diff \"${PODS_ROOT}/../Podfile.lock\" \"${PODS_ROOT}/Manifest.lock\" > /dev/null\nif [[ $? != 0 ]] ; then\n    cat << EOM\nerror: The sandbox is not in sync with the Podfile.lock. Run 'pod install' or update your CocoaPods installation.\nEOM\n    exit 1\nfi\n";
			showEnvVarsInLog = 0;
		};
/* End PBXShellScriptBuildPhase section */

/* Begin PBXSourcesBuildPhase section */
		4E670B171C1519EF009E7B52 /* Sources */ = {
			isa = PBXSourcesBuildPhase;
			buildActionMask = 2147483647;
			files = (
				4E774D651C1596B400906292 /* CustomModel.m in Sources */,
				4E670BAB1C151C34009E7B52 /* AppDelegate.m in Sources */,
				4E670BA31C151C34009E7B52 /* NotifyViewController.m in Sources */,
				4E774D681C16856F00906292 /* DeviceDataModel.m in Sources */,
				4E670BAC1C151C34009E7B52 /* HFConst.m in Sources */,
				4E670BA21C151C34009E7B52 /* HelpViewController.m in Sources */,
				4E670BA91C151C34009E7B52 /* ViewController.m in Sources */,
				4E670BAF1C151C34009E7B52 /* main.m in Sources */,
				4E670B9B1C151C34009E7B52 /* HomeTopStateView.m in Sources */,
				4E670BA01C151C34009E7B52 /* SelectWeekView.m in Sources */,
				4E670BA41C151C34009E7B52 /* SettingViewController.m in Sources */,
				4EB11C1B1C1842760004FFD4 /* SendCommandModel.m in Sources */,
				4E670B951C151C34009E7B52 /* ASValueTrackingSlider.m in Sources */,
				4E774D621C15934500906292 /* CustomTimeViewController.m in Sources */,
				4E670B941C151C34009E7B52 /* ASValuePopUpView.m in Sources */,
				4E670BA51C151C34009E7B52 /* UserMenuViewController.m in Sources */,
				8BE1F3561C489E2300CC2BB6 /* CoverView.m in Sources */,
				4E670B8B1C151C34009E7B52 /* HomeViewController.m in Sources */,
				8BE1F3591C48DF4F00CC2BB6 /* UIColor+Utility.m in Sources */,
				4E670B9E1C151C34009E7B52 /* selectDataPickView.m in Sources */,
				8BE1F3521C487CFC00CC2BB6 /* UIView+Toast.m in Sources */,
				4E670B981C151C34009E7B52 /* HomeCollectionView.m in Sources */,
				4E670B991C151C34009E7B52 /* HomeCollectionViewCell.m in Sources */,
				8B0327C61C4B9277002620D5 /* Util.m in Sources */,
			);
			runOnlyForDeploymentPostprocessing = 0;
		};
/* End PBXSourcesBuildPhase section */

/* Begin PBXVariantGroup section */
		8B0327CE1C4B94E4002620D5 /* ShareSDKLocalizable.strings */ = {
			isa = PBXVariantGroup;
			children = (
				8B0327CF1C4B94E4002620D5 /* en-US */,
				8B0327D01C4B94E4002620D5 /* en */,
				8B0327D41C4B94E4002620D5 /* zh-Hans-CN */,
				8B0327D51C4B94E4002620D5 /* zh-Hans */,
			);
			name = ShareSDKLocalizable.strings;
			sourceTree = "<group>";
		};
/* End PBXVariantGroup section */

/* Begin XCBuildConfiguration section */
		4E670B301C1519EF009E7B52 /* Debug */ = {
			isa = XCBuildConfiguration;
			buildSettings = {
				ALWAYS_SEARCH_USER_PATHS = NO;
				CLANG_CXX_LANGUAGE_STANDARD = "gnu++0x";
				CLANG_CXX_LIBRARY = "libc++";
				CLANG_ENABLE_MODULES = YES;
				CLANG_ENABLE_OBJC_ARC = YES;
				CLANG_WARN_BOOL_CONVERSION = YES;
				CLANG_WARN_CONSTANT_CONVERSION = YES;
				CLANG_WARN_DIRECT_OBJC_ISA_USAGE = YES_ERROR;
				CLANG_WARN_EMPTY_BODY = YES;
				CLANG_WARN_ENUM_CONVERSION = YES;
				CLANG_WARN_INT_CONVERSION = YES;
				CLANG_WARN_OBJC_ROOT_CLASS = YES_ERROR;
				CLANG_WARN_UNREACHABLE_CODE = YES;
				CLANG_WARN__DUPLICATE_METHOD_MATCH = YES;
				"CODE_SIGN_IDENTITY[sdk=iphoneos*]" = "iPhone Developer";
				COPY_PHASE_STRIP = NO;
				DEBUG_INFORMATION_FORMAT = dwarf;
				ENABLE_STRICT_OBJC_MSGSEND = YES;
				ENABLE_TESTABILITY = YES;
				GCC_C_LANGUAGE_STANDARD = gnu99;
				GCC_DYNAMIC_NO_PIC = NO;
				GCC_NO_COMMON_BLOCKS = YES;
				GCC_OPTIMIZATION_LEVEL = 0;
				GCC_PREPROCESSOR_DEFINITIONS = (
					"DEBUG=1",
					"$(inherited)",
				);
				GCC_WARN_64_TO_32_BIT_CONVERSION = YES;
				GCC_WARN_ABOUT_RETURN_TYPE = YES_ERROR;
				GCC_WARN_UNDECLARED_SELECTOR = YES;
				GCC_WARN_UNINITIALIZED_AUTOS = YES_AGGRESSIVE;
				GCC_WARN_UNUSED_FUNCTION = YES;
				GCC_WARN_UNUSED_VARIABLE = YES;
				IPHONEOS_DEPLOYMENT_TARGET = 9.1;
				MTL_ENABLE_DEBUG_INFO = YES;
				ONLY_ACTIVE_ARCH = YES;
				SDKROOT = iphoneos;
			};
			name = Debug;
		};
		4E670B311C1519EF009E7B52 /* Release */ = {
			isa = XCBuildConfiguration;
			buildSettings = {
				ALWAYS_SEARCH_USER_PATHS = NO;
				CLANG_CXX_LANGUAGE_STANDARD = "gnu++0x";
				CLANG_CXX_LIBRARY = "libc++";
				CLANG_ENABLE_MODULES = YES;
				CLANG_ENABLE_OBJC_ARC = YES;
				CLANG_WARN_BOOL_CONVERSION = YES;
				CLANG_WARN_CONSTANT_CONVERSION = YES;
				CLANG_WARN_DIRECT_OBJC_ISA_USAGE = YES_ERROR;
				CLANG_WARN_EMPTY_BODY = YES;
				CLANG_WARN_ENUM_CONVERSION = YES;
				CLANG_WARN_INT_CONVERSION = YES;
				CLANG_WARN_OBJC_ROOT_CLASS = YES_ERROR;
				CLANG_WARN_UNREACHABLE_CODE = YES;
				CLANG_WARN__DUPLICATE_METHOD_MATCH = YES;
				"CODE_SIGN_IDENTITY[sdk=iphoneos*]" = "iPhone Developer";
				COPY_PHASE_STRIP = NO;
				DEBUG_INFORMATION_FORMAT = "dwarf-with-dsym";
				ENABLE_NS_ASSERTIONS = NO;
				ENABLE_STRICT_OBJC_MSGSEND = YES;
				GCC_C_LANGUAGE_STANDARD = gnu99;
				GCC_NO_COMMON_BLOCKS = YES;
				GCC_WARN_64_TO_32_BIT_CONVERSION = YES;
				GCC_WARN_ABOUT_RETURN_TYPE = YES_ERROR;
				GCC_WARN_UNDECLARED_SELECTOR = YES;
				GCC_WARN_UNINITIALIZED_AUTOS = YES_AGGRESSIVE;
				GCC_WARN_UNUSED_FUNCTION = YES;
				GCC_WARN_UNUSED_VARIABLE = YES;
				IPHONEOS_DEPLOYMENT_TARGET = 9.1;
				MTL_ENABLE_DEBUG_INFO = NO;
				SDKROOT = iphoneos;
				VALIDATE_PRODUCT = YES;
			};
			name = Release;
		};
		4E670B331C1519EF009E7B52 /* Debug */ = {
			isa = XCBuildConfiguration;
			baseConfigurationReference = 465228A7E554F7ADD4C3D3B8 /* Pods.debug.xcconfig */;
			buildSettings = {
				ASSETCATALOG_COMPILER_APPICON_NAME = AppIcon;
				ASSETCATALOG_COMPILER_LAUNCHIMAGE_NAME = "Brand Assets";
				CODE_SIGN_IDENTITY = "iPhone Developer";
				"CODE_SIGN_IDENTITY[sdk=iphoneos*]" = "iPhone Developer";
				ENABLE_BITCODE = NO;
				FRAMEWORK_SEARCH_PATHS = (
					"$(inherited)",
					"$(PROJECT_DIR)/AOSMITH/Classes/Main/Other/ShareSDK/Connection",
					"$(PROJECT_DIR)/AOSMITH/Classes/Main/Other/ShareSDK/Core",
					"$(PROJECT_DIR)/AOSMITH/Classes/Main/Other/ShareSDK/Extend/QQConnectSDK",
					"$(PROJECT_DIR)/AOSMITH/Classes/Main/Other/ShareSDK",
					"$(PROJECT_DIR)/AOSMITH/Classes/Main/Other/ShareSDK/UI",
				);
				GCC_PREFIX_HEADER = "$(SRCROOT)/AOSMITH/Classes/Main/Other/PCH.pch";
				INFOPLIST_FILE = "$(SRCROOT)/AOSMITH/Classes/Main/Other/Info.plist";
				IPHONEOS_DEPLOYMENT_TARGET = 7.0;
				LD_RUNPATH_SEARCH_PATHS = "$(inherited) @executable_path/Frameworks";
				LIBRARY_SEARCH_PATHS = (
					"$(inherited)",
					"$(PROJECT_DIR)/AOSMITH/Classes/Main/Other/ShareSDK/Extend/WeChatSDK",
				);
				PRODUCT_BUNDLE_IDENTIFIER = com.skyware.cn.AOSMITH;
				PRODUCT_NAME = "智能热水器";
				PROVISIONING_PROFILE = "";
			};
			name = Debug;
		};
		4E670B341C1519EF009E7B52 /* Release */ = {
			isa = XCBuildConfiguration;
			baseConfigurationReference = 860118F5987DF732F218A50D /* Pods.release.xcconfig */;
			buildSettings = {
				ASSETCATALOG_COMPILER_APPICON_NAME = AppIcon;
				ASSETCATALOG_COMPILER_LAUNCHIMAGE_NAME = "Brand Assets";
				CODE_SIGN_IDENTITY = "iPhone Developer";
				"CODE_SIGN_IDENTITY[sdk=iphoneos*]" = "iPhone Developer";
				ENABLE_BITCODE = NO;
				FRAMEWORK_SEARCH_PATHS = (
					"$(inherited)",
					"$(PROJECT_DIR)/AOSMITH/Classes/Main/Other/ShareSDK/Connection",
					"$(PROJECT_DIR)/AOSMITH/Classes/Main/Other/ShareSDK/Core",
					"$(PROJECT_DIR)/AOSMITH/Classes/Main/Other/ShareSDK/Extend/QQConnectSDK",
					"$(PROJECT_DIR)/AOSMITH/Classes/Main/Other/ShareSDK",
					"$(PROJECT_DIR)/AOSMITH/Classes/Main/Other/ShareSDK/UI",
				);
				GCC_PREFIX_HEADER = "$(SRCROOT)/AOSMITH/Classes/Main/Other/PCH.pch";
				INFOPLIST_FILE = "$(SRCROOT)/AOSMITH/Classes/Main/Other/Info.plist";
				IPHONEOS_DEPLOYMENT_TARGET = 7.0;
				LD_RUNPATH_SEARCH_PATHS = "$(inherited) @executable_path/Frameworks";
				LIBRARY_SEARCH_PATHS = (
					"$(inherited)",
					"$(PROJECT_DIR)/AOSMITH/Classes/Main/Other/ShareSDK/Extend/WeChatSDK",
				);
				PRODUCT_BUNDLE_IDENTIFIER = com.skyware.cn.AOSMITH;
				PRODUCT_NAME = "智能热水器";
				PROVISIONING_PROFILE = "";
			};
			name = Release;
		};
/* End XCBuildConfiguration section */

/* Begin XCConfigurationList section */
		4E670B161C1519EF009E7B52 /* Build configuration list for PBXProject "AOSMITH" */ = {
			isa = XCConfigurationList;
			buildConfigurations = (
				4E670B301C1519EF009E7B52 /* Debug */,
				4E670B311C1519EF009E7B52 /* Release */,
			);
			defaultConfigurationIsVisible = 0;
			defaultConfigurationName = Release;
		};
		4E670B321C1519EF009E7B52 /* Build configuration list for PBXNativeTarget "AOSMITH" */ = {
			isa = XCConfigurationList;
			buildConfigurations = (
				4E670B331C1519EF009E7B52 /* Debug */,
				4E670B341C1519EF009E7B52 /* Release */,
			);
			defaultConfigurationIsVisible = 0;
			defaultConfigurationName = Release;
		};
/* End XCConfigurationList section */
	};
	rootObject = 4E670B131C1519EF009E7B52 /* Project object */;
}
